// !$*UTF8*$!
{
	archiveVersion = 1;
	classes = {
	};
	objectVersion = 46;
	objects = {

/* Begin PBXBuildFile section */
		FCC38ED51FAB96F9000B866A /* AppDelegate.swift in Sources */ = {isa = PBXBuildFile; fileRef = FCC38ECD1FAB96F9000B866A /* AppDelegate.swift */; };
		FCC38ED61FAB96F9000B866A /* AppleMenuBar.swift in Sources */ = {isa = PBXBuildFile; fileRef = FCC38ECE1FAB96F9000B866A /* AppleMenuBar.swift */; };
		FCC38ED71FAB96F9000B866A /* Constants.swift in Sources */ = {isa = PBXBuildFile; fileRef = FCC38ECF1FAB96F9000B866A /* Constants.swift */; };
		FCC38ED81FAB96F9000B866A /* FloatingLabelWindow.swift in Sources */ = {isa = PBXBuildFile; fileRef = FCC38ED01FAB96F9000B866A /* FloatingLabelWindow.swift */; };
		FCC38ED91FAB96F9000B866A /* main.swift in Sources */ = {isa = PBXBuildFile; fileRef = FCC38ED21FAB96F9000B866A /* main.swift */; };
		FCC38EDA1FAB96F9000B866A /* NSBezierPath+CGPath.swift in Sources */ = {isa = PBXBuildFile; fileRef = FCC38ED31FAB96F9000B866A /* NSBezierPath+CGPath.swift */; };
		FCC38EDB1FAB96F9000B866A /* PropertyListManager.swift in Sources */ = {isa = PBXBuildFile; fileRef = FCC38ED41FAB96F9000B866A /* PropertyListManager.swift */; };
/* End PBXBuildFile section */

/* Begin PBXCopyFilesBuildPhase section */
		FCC38EBD1FAB948B000B866A /* CopyFiles */ = {
			isa = PBXCopyFilesBuildPhase;
			buildActionMask = 2147483647;
			dstPath = /usr/share/man/man1/;
			dstSubfolderSpec = 0;
			files = (
			);
			runOnlyForDeploymentPostprocessing = 1;
		};
/* End PBXCopyFilesBuildPhase section */

/* Begin PBXFileReference section */
		FC0C37511F704D8B0049F823 /* README.md */ = {isa = PBXFileReference; fileEncoding = 4; lastKnownFileType = net.daringfireball.markdown; path = README.md; sourceTree = "<group>"; };
		FCC38EBF1FAB948B000B866A /* labelnotch */ = {isa = PBXFileReference; explicitFileType = "compiled.mach-o.executable"; includeInIndex = 0; path = labelnotch; sourceTree = BUILT_PRODUCTS_DIR; };
		FCC38ECD1FAB96F9000B866A /* AppDelegate.swift */ = {isa = PBXFileReference; fileEncoding = 4; lastKnownFileType = sourcecode.swift; path = AppDelegate.swift; sourceTree = "<group>"; };
		FCC38ECE1FAB96F9000B866A /* AppleMenuBar.swift */ = {isa = PBXFileReference; fileEncoding = 4; lastKnownFileType = sourcecode.swift; path = AppleMenuBar.swift; sourceTree = "<group>"; };
		FCC38ECF1FAB96F9000B866A /* Constants.swift */ = {isa = PBXFileReference; fileEncoding = 4; lastKnownFileType = sourcecode.swift; path = Constants.swift; sourceTree = "<group>"; };
		FCC38ED01FAB96F9000B866A /* FloatingLabelWindow.swift */ = {isa = PBXFileReference; fileEncoding = 4; lastKnownFileType = sourcecode.swift; path = FloatingLabelWindow.swift; sourceTree = "<group>"; };
		FCC38ED11FAB96F9000B866A /* Info.plist */ = {isa = PBXFileReference; fileEncoding = 4; lastKnownFileType = text.plist.xml; path = Info.plist; sourceTree = "<group>"; };
		FCC38ED21FAB96F9000B866A /* main.swift */ = {isa = PBXFileReference; fileEncoding = 4; lastKnownFileType = sourcecode.swift; path = main.swift; sourceTree = "<group>"; };
		FCC38ED31FAB96F9000B866A /* NSBezierPath+CGPath.swift */ = {isa = PBXFileReference; fileEncoding = 4; lastKnownFileType = sourcecode.swift; path = "NSBezierPath+CGPath.swift"; sourceTree = "<group>"; };
		FCC38ED41FAB96F9000B866A /* PropertyListManager.swift */ = {isa = PBXFileReference; fileEncoding = 4; lastKnownFileType = sourcecode.swift; path = PropertyListManager.swift; sourceTree = "<group>"; };
		FCC38EDC1FAB9A1A000B866A /* com.darwinist.labelnotch.plist */ = {isa = PBXFileReference; lastKnownFileType = text.plist.xml; path = com.darwinist.labelnotch.plist; sourceTree = "<group>"; };
/* End PBXFileReference section */

/* Begin PBXFrameworksBuildPhase section */
		FCC38EBC1FAB948B000B866A /* Frameworks */ = {
			isa = PBXFrameworksBuildPhase;
			buildActionMask = 2147483647;
			files = (
			);
			runOnlyForDeploymentPostprocessing = 0;
		};
/* End PBXFrameworksBuildPhase section */

/* Begin PBXGroup section */
		FC0C373E1F704D7F0049F823 = {
			isa = PBXGroup;
			children = (
				FC0C37511F704D8B0049F823 /* README.md */,
				FCC38EDC1FAB9A1A000B866A /* com.darwinist.labelnotch.plist */,
				FCC38EC01FAB948B000B866A /* LabelNotch */,
				FC0C37481F704D7F0049F823 /* Products */,
			);
			sourceTree = "<group>";
		};
		FC0C37481F704D7F0049F823 /* Products */ = {
			isa = PBXGroup;
			children = (
				FCC38EBF1FAB948B000B866A /* labelnotch */,
			);
			name = Products;
			sourceTree = "<group>";
		};
		FCC38EC01FAB948B000B866A /* LabelNotch */ = {
			isa = PBXGroup;
			children = (
				FCC38ED21FAB96F9000B866A /* main.swift */,
				FCC38ECD1FAB96F9000B866A /* AppDelegate.swift */,
				FCC38ECE1FAB96F9000B866A /* AppleMenuBar.swift */,
				FCC38ECF1FAB96F9000B866A /* Constants.swift */,
				FCC38ED01FAB96F9000B866A /* FloatingLabelWindow.swift */,
				FCC38ED31FAB96F9000B866A /* NSBezierPath+CGPath.swift */,
				FCC38ED41FAB96F9000B866A /* PropertyListManager.swift */,
				FCC38ED11FAB96F9000B866A /* Info.plist */,
			);
			path = LabelNotch;
			sourceTree = "<group>";
		};
/* End PBXGroup section */

/* Begin PBXNativeTarget section */
		FCC38EBE1FAB948B000B866A /* LabelNotch */ = {
			isa = PBXNativeTarget;
			buildConfigurationList = FCC38EC51FAB948B000B866A /* Build configuration list for PBXNativeTarget "LabelNotch" */;
			buildPhases = (
				FCC38EBB1FAB948B000B866A /* Sources */,
				FCC38EBC1FAB948B000B866A /* Frameworks */,
				FCC38EBD1FAB948B000B866A /* CopyFiles */,
			);
			buildRules = (
			);
			dependencies = (
			);
			name = LabelNotch;
			productName = LabelNotch;
			productReference = FCC38EBF1FAB948B000B866A /* labelnotch */;
			productType = "com.apple.product-type.tool";
		};
/* End PBXNativeTarget section */

/* Begin PBXProject section */
		FC0C373F1F704D7F0049F823 /* Project object */ = {
			isa = PBXProject;
			attributes = {
				LastSwiftUpdateCheck = 0830;
				LastUpgradeCheck = 0830;
				ORGANIZATIONNAME = "Jonathan Cardasis";
				TargetAttributes = {
					FCC38EBE1FAB948B000B866A = {
						CreatedOnToolsVersion = 8.3.3;
						LastSwiftMigration = 0830;
						ProvisioningStyle = Automatic;
					};
				};
			};
			buildConfigurationList = FC0C37421F704D7F0049F823 /* Build configuration list for PBXProject "LabelNotch" */;
			compatibilityVersion = "Xcode 3.2";
			developmentRegion = English;
			hasScannedForEncodings = 0;
			knownRegions = (
				en,
				Base,
			);
			mainGroup = FC0C373E1F704D7F0049F823;
			productRefGroup = FC0C37481F704D7F0049F823 /* Products */;
			projectDirPath = "";
			projectRoot = "";
			targets = (
				FCC38EBE1FAB948B000B866A /* LabelNotch */,
			);
		};
/* End PBXProject section */

/* Begin PBXSourcesBuildPhase section */
		FCC38EBB1FAB948B000B866A /* Sources */ = {
			isa = PBXSourcesBuildPhase;
			buildActionMask = 2147483647;
			files = (
				FCC38ED81FAB96F9000B866A /* FloatingLabelWindow.swift in Sources */,
				FCC38ED91FAB96F9000B866A /* main.swift in Sources */,
				FCC38ED51FAB96F9000B866A /* AppDelegate.swift in Sources */,
				FCC38EDB1FAB96F9000B866A /* PropertyListManager.swift in Sources */,
				FCC38EDA1FAB96F9000B866A /* NSBezierPath+CGPath.swift in Sources */,
				FCC38ED61FAB96F9000B866A /* AppleMenuBar.swift in Sources */,
				FCC38ED71FAB96F9000B866A /* Constants.swift in Sources */,
			);
			runOnlyForDeploymentPostprocessing = 0;
		};
/* End PBXSourcesBuildPhase section */

/* Begin XCBuildConfiguration section */
		FC0C374C1F704D7F0049F823 /* Debug */ = {
			isa = XCBuildConfiguration;
			buildSettings = {
				ALWAYS_SEARCH_USER_PATHS = NO;
				CLANG_ANALYZER_NONNULL = YES;
				CLANG_ANALYZER_NUMBER_OBJECT_CONVERSION = YES_AGGRESSIVE;
				CLANG_CXX_LANGUAGE_STANDARD = "gnu++0x";
				CLANG_CXX_LIBRARY = "libc++";
				CLANG_ENABLE_MODULES = YES;
				CLANG_ENABLE_OBJC_ARC = YES;
				CLANG_WARN_BOOL_CONVERSION = YES;
				CLANG_WARN_CONSTANT_CONVERSION = YES;
				CLANG_WARN_DIRECT_OBJC_ISA_USAGE = YES_ERROR;
				CLANG_WARN_DOCUMENTATION_COMMENTS = YES;
				CLANG_WARN_EMPTY_BODY = YES;
				CLANG_WARN_ENUM_CONVERSION = YES;
				CLANG_WARN_INFINITE_RECURSION = YES;
				CLANG_WARN_INT_CONVERSION = YES;
				CLANG_WARN_OBJC_ROOT_CLASS = YES_ERROR;
				CLANG_WARN_SUSPICIOUS_MOVE = YES;
				CLANG_WARN_UNREACHABLE_CODE = YES;
				CLANG_WARN__DUPLICATE_METHOD_MATCH = YES;
				CODE_SIGN_IDENTITY = "-";
				COPY_PHASE_STRIP = NO;
				DEBUG_INFORMATION_FORMAT = dwarf;
				ENABLE_STRICT_OBJC_MSGSEND = YES;
				ENABLE_TESTABILITY = YES;
				GCC_C_LANGUAGE_STANDARD = gnu99;
				GCC_DYNAMIC_NO_PIC = NO;
				GCC_NO_COMMON_BLOCKS = YES;
				GCC_OPTIMIZATION_LEVEL = 0;
				GCC_PREPROCESSOR_DEFINITIONS = (
					"DEBUG=1",
					"$(inherited)",
				);
				GCC_WARN_64_TO_32_BIT_CONVERSION = YES;
				GCC_WARN_ABOUT_RETURN_TYPE = YES_ERROR;
				GCC_WARN_UNDECLARED_SELECTOR = YES;
				GCC_WARN_UNINITIALIZED_AUTOS = YES_AGGRESSIVE;
				GCC_WARN_UNUSED_FUNCTION = YES;
				GCC_WARN_UNUSED_VARIABLE = YES;
				MACOSX_DEPLOYMENT_TARGET = 10.12;
				MTL_ENABLE_DEBUG_INFO = YES;
				ONLY_ACTIVE_ARCH = YES;
				PRODUCT_NAME = "";
				SDKROOT = macosx;
				SWIFT_OPTIMIZATION_LEVEL = "-Onone";
			};
			name = Debug;
		};
		FC0C374D1F704D7F0049F823 /* Release */ = {
			isa = XCBuildConfiguration;
			buildSettings = {
				ALWAYS_SEARCH_USER_PATHS = NO;
				CLANG_ANALYZER_NONNULL = YES;
				CLANG_ANALYZER_NUMBER_OBJECT_CONVERSION = YES_AGGRESSIVE;
				CLANG_CXX_LANGUAGE_STANDARD = "gnu++0x";
				CLANG_CXX_LIBRARY = "libc++";
				CLANG_ENABLE_MODULES = YES;
				CLANG_ENABLE_OBJC_ARC = YES;
				CLANG_WARN_BOOL_CONVERSION = YES;
				CLANG_WARN_CONSTANT_CONVERSION = YES;
				CLANG_WARN_DIRECT_OBJC_ISA_USAGE = YES_ERROR;
				CLANG_WARN_DOCUMENTATION_COMMENTS = YES;
				CLANG_WARN_EMPTY_BODY = YES;
				CLANG_WARN_ENUM_CONVERSION = YES;
				CLANG_WARN_INFINITE_RECURSION = YES;
				CLANG_WARN_INT_CONVERSION = YES;
				CLANG_WARN_OBJC_ROOT_CLASS = YES_ERROR;
				CLANG_WARN_SUSPICIOUS_MOVE = YES;
				CLANG_WARN_UNREACHABLE_CODE = YES;
				CLANG_WARN__DUPLICATE_METHOD_MATCH = YES;
				CODE_SIGN_IDENTITY = "-";
				COPY_PHASE_STRIP = NO;
				DEBUG_INFORMATION_FORMAT = "dwarf-with-dsym";
				ENABLE_NS_ASSERTIONS = NO;
				ENABLE_STRICT_OBJC_MSGSEND = YES;
				GCC_C_LANGUAGE_STANDARD = gnu99;
				GCC_NO_COMMON_BLOCKS = YES;
				GCC_WARN_64_TO_32_BIT_CONVERSION = YES;
				GCC_WARN_ABOUT_RETURN_TYPE = YES_ERROR;
				GCC_WARN_UNDECLARED_SELECTOR = YES;
				GCC_WARN_UNINITIALIZED_AUTOS = YES_AGGRESSIVE;
				GCC_WARN_UNUSED_FUNCTION = YES;
				GCC_WARN_UNUSED_VARIABLE = YES;
				MACOSX_DEPLOYMENT_TARGET = 10.12;
				MTL_ENABLE_DEBUG_INFO = NO;
				PRODUCT_NAME = "";
				SDKROOT = macosx;
			};
			name = Release;
		};
		FCC38EC31FAB948B000B866A /* Debug */ = {
			isa = XCBuildConfiguration;
			buildSettings = {
				CLANG_ENABLE_MODULES = YES;
				CREATE_INFOPLIST_SECTION_IN_BINARY = YES;
				INFOPLIST_FILE = LabelNotch/Info.plist;
				LD_RUNPATH_SEARCH_PATHS = "$(inherited) @executable_path/../Frameworks @loader_path/../Frameworks";
				PRODUCT_BUNDLE_IDENTIFIER = com.darwinist.labelnotch;
				PRODUCT_NAME = labelnotch;
				SWIFT_OPTIMIZATION_LEVEL = "-Onone";
				SWIFT_VERSION = 3.0;
			};
			name = Debug;
		};
		FCC38EC41FAB948B000B866A /* Release */ = {
			isa = XCBuildConfiguration;
			buildSettings = {
				CLANG_ENABLE_MODULES = YES;
				CREATE_INFOPLIST_SECTION_IN_BINARY = YES;
				INFOPLIST_FILE = LabelNotch/Info.plist;
				LD_RUNPATH_SEARCH_PATHS = "$(inherited) @executable_path/../Frameworks @loader_path/../Frameworks";
				PRODUCT_BUNDLE_IDENTIFIER = com.darwinist.labelnotch;
				PRODUCT_NAME = labelnotch;
				SWIFT_VERSION = 3.0;
			};
			name = Release;
		};
/* End XCBuildConfiguration section */

/* Begin XCConfigurationList section */
		FC0C37421F704D7F0049F823 /* Build configuration list for PBXProject "LabelNotch" */ = {
			isa = XCConfigurationList;
			buildConfigurations = (
				FC0C374C1F704D7F0049F823 /* Debug */,
				FC0C374D1F704D7F0049F823 /* Release */,
			);
			defaultConfigurationIsVisible = 0;
			defaultConfigurationName = Release;
		};
		FCC38EC51FAB948B000B866A /* Build configuration list for PBXNativeTarget "LabelNotch" */ = {
			isa = XCConfigurationList;
			buildConfigurations = (
				FCC38EC31FAB948B000B866A /* Debug */,
				FCC38EC41FAB948B000B866A /* Release */,
			);
			defaultConfigurationIsVisible = 0;
			defaultConfigurationName = Release;
		};
/* End XCConfigurationList section */
	};
	rootObject = FC0C373F1F704D7F0049F823 /* Project object */;
}
